
Microsoft Visual Studio Solution File, Format Version 12.00
# Visual Studio Version 17
VisualStudioVersion = 17.11.35222.181
MinimumVisualStudioVersion = 10.0.40219.1
Project("{FAE04EC0-301F-11D3-BF4B-00C04F79EFBC}") = "APIConsume", "APIConsume\APIConsume.csproj", "{027457C3-E16B-487B-9FCA-8E26B5DA0EEB}"
EndProject
Global
	GlobalSection(SolutionConfigurationPlatforms) = preSolution
		Debug|Any CPU = Debug|Any CPU
		Release|Any CPU = Release|Any CPU
	EndGlobalSection
	GlobalSection(ProjectConfigurationPlatforms) = postSolution
		{027457C3-E16B-487B-9FCA-8E26B5DA0EEB}.Debug|Any CPU.ActiveCfg = Debug|Any CPU
		{027457C3-E16B-487B-9FCA-8E26B5DA0EEB}.Debug|Any CPU.Build.0 = Debug|Any CPU
		{027457C3-E16B-487B-9FCA-8E26B5DA0EEB}.Release|Any CPU.ActiveCfg = Release|Any CPU
		{027457C3-E16B-487B-9FCA-8E26B5DA0EEB}.Release|Any CPU.Build.0 = Release|Any CPU
	EndGlobalSection
	GlobalSection(SolutionProperties) = preSolution
		HideSolutionNode = FALSE
	EndGlobalSection
	GlobalSection(ExtensibilityGlobals) = postSolution
		SolutionGuid = {1E6B63C2-3AEC-4155-B164-2DAAFB12A575}
	EndGlobalSection
EndGlobal
